
Microsoft Visual Studio Solution File, Format Version 12.00
# Visual Studio Version 16
VisualStudioVersion = 16.0.32802.440
MinimumVisualStudioVersion = 10.0.40219.1
Project("{FAE04EC0-301F-11D3-BF4B-00C04F79EFBC}") = "ProjCinema", "ProjCinema\ProjCinema.csproj", "{A1025D3F-DD45-44C2-AC3D-95C47C8D733D}"
EndProject
Global
	GlobalSection(SolutionConfigurationPlatforms) = preSolution
		Debug|Any CPU = Debug|Any CPU
		Release|Any CPU = Release|Any CPU
	EndGlobalSection
	GlobalSection(ProjectConfigurationPlatforms) = postSolution
		{A1025D3F-DD45-44C2-AC3D-95C47C8D733D}.Debug|Any CPU.ActiveCfg = Debug|Any CPU
		{A1025D3F-DD45-44C2-AC3D-95C47C8D733D}.Debug|Any CPU.Build.0 = Debug|Any CPU
		{A1025D3F-DD45-44C2-AC3D-95C47C8D733D}.Release|Any CPU.ActiveCfg = Release|Any CPU
		{A1025D3F-DD45-44C2-AC3D-95C47C8D733D}.Release|Any CPU.Build.0 = Release|Any CPU
	EndGlobalSection
	GlobalSection(SolutionProperties) = preSolution
		HideSolutionNode = FALSE
	EndGlobalSection
	GlobalSection(ExtensibilityGlobals) = postSolution
		SolutionGuid = {4167E2D7-A903-43CE-9251-47AD485A34EE}
	EndGlobalSection
EndGlobal
